
Microsoft Visual Studio Solution File, Format Version 12.00
# Visual Studio Version 17
VisualStudioVersion = 17.0.31903.59
MinimumVisualStudioVersion = 10.0.40219.1
Project("{2150E333-8FDC-42A3-9474-1A3956D46DE8}") = "src", "src", "{74E284C8-A794-439F-8D76-75BD37D3B014}"
EndProject
Project("{F2A71F9B-5D33-465A-A702-920D77279786}") = "Wildcat", "src\Wildcat\Wildcat.fsproj", "{EE424727-1032-4120-8C2B-AF812B99E1A2}"
EndProject
Project("{F2A71F9B-5D33-465A-A702-920D77279786}") = "CoinbasePriceFeed", "src\CoinbasePriceFeed\CoinbasePriceFeed.fsproj", "{A2B036FF-93B3-4513-A6E2-1150A1D90E07}"
EndProject
Global
	GlobalSection(SolutionConfigurationPlatforms) = preSolution
		Debug|Any CPU = Debug|Any CPU
		Release|Any CPU = Release|Any CPU
	EndGlobalSection
	GlobalSection(SolutionProperties) = preSolution
		HideSolutionNode = FALSE
	EndGlobalSection
	GlobalSection(ProjectConfigurationPlatforms) = postSolution
		{EE424727-1032-4120-8C2B-AF812B99E1A2}.Debug|Any CPU.ActiveCfg = Debug|Any CPU
		{EE424727-1032-4120-8C2B-AF812B99E1A2}.Debug|Any CPU.Build.0 = Debug|Any CPU
		{EE424727-1032-4120-8C2B-AF812B99E1A2}.Release|Any CPU.ActiveCfg = Release|Any CPU
		{EE424727-1032-4120-8C2B-AF812B99E1A2}.Release|Any CPU.Build.0 = Release|Any CPU
		{A2B036FF-93B3-4513-A6E2-1150A1D90E07}.Debug|Any CPU.ActiveCfg = Debug|Any CPU
		{A2B036FF-93B3-4513-A6E2-1150A1D90E07}.Debug|Any CPU.Build.0 = Debug|Any CPU
		{A2B036FF-93B3-4513-A6E2-1150A1D90E07}.Release|Any CPU.ActiveCfg = Release|Any CPU
		{A2B036FF-93B3-4513-A6E2-1150A1D90E07}.Release|Any CPU.Build.0 = Release|Any CPU
	EndGlobalSection
	GlobalSection(NestedProjects) = preSolution
		{EE424727-1032-4120-8C2B-AF812B99E1A2} = {74E284C8-A794-439F-8D76-75BD37D3B014}
		{A2B036FF-93B3-4513-A6E2-1150A1D90E07} = {74E284C8-A794-439F-8D76-75BD37D3B014}
	EndGlobalSection
EndGlobal
